// !$*UTF8*$!
{
	archiveVersion = 1;
	classes = {
	};
	objectVersion = 50;
	objects = {

/* Begin PBXBuildFile section */
		63BF3D74241BB204001D71A5 /* AppDelegate.swift in Sources */ = {isa = PBXBuildFile; fileRef = 63BF3D73241BB204001D71A5 /* AppDelegate.swift */; };
		63BF3D76241BB204001D71A5 /* SceneDelegate.swift in Sources */ = {isa = PBXBuildFile; fileRef = 63BF3D75241BB204001D71A5 /* SceneDelegate.swift */; };
		63BF3D78241BB204001D71A5 /* ViewController.swift in Sources */ = {isa = PBXBuildFile; fileRef = 63BF3D77241BB204001D71A5 /* ViewController.swift */; };
		63BF3D7B241BB204001D71A5 /* Main.storyboard in Resources */ = {isa = PBXBuildFile; fileRef = 63BF3D79241BB204001D71A5 /* Main.storyboard */; };
		63BF3D7E241BB204001D71A5 /* MedTracker.xcdatamodeld in Sources */ = {isa = PBXBuildFile; fileRef = 63BF3D7C241BB204001D71A5 /* MedTracker.xcdatamodeld */; };
		63BF3D80241BB206001D71A5 /* Assets.xcassets in Resources */ = {isa = PBXBuildFile; fileRef = 63BF3D7F241BB206001D71A5 /* Assets.xcassets */; };
		63BF3D83241BB206001D71A5 /* LaunchScreen.storyboard in Resources */ = {isa = PBXBuildFile; fileRef = 63BF3D81241BB206001D71A5 /* LaunchScreen.storyboard */; };
		63BF3D8E241BB206001D71A5 /* MedTrackerTests.swift in Sources */ = {isa = PBXBuildFile; fileRef = 63BF3D8D241BB206001D71A5 /* MedTrackerTests.swift */; };
		63BF3D99241BB206001D71A5 /* MedTrackerUITests.swift in Sources */ = {isa = PBXBuildFile; fileRef = 63BF3D98241BB206001D71A5 /* MedTrackerUITests.swift */; };
/* End PBXBuildFile section */

/* Begin PBXContainerItemProxy section */
		63BF3D8A241BB206001D71A5 /* PBXContainerItemProxy */ = {
			isa = PBXContainerItemProxy;
			containerPortal = 63BF3D68241BB204001D71A5 /* Project object */;
			proxyType = 1;
			remoteGlobalIDString = 63BF3D6F241BB204001D71A5;
			remoteInfo = MedTracker;
		};
		63BF3D95241BB206001D71A5 /* PBXContainerItemProxy */ = {
			isa = PBXContainerItemProxy;
			containerPortal = 63BF3D68241BB204001D71A5 /* Project object */;
			proxyType = 1;
			remoteGlobalIDString = 63BF3D6F241BB204001D71A5;
			remoteInfo = MedTracker;
		};
/* End PBXContainerItemProxy section */

/* Begin PBXFileReference section */
		63BF3D70241BB204001D71A5 /* MedTracker.app */ = {isa = PBXFileReference; explicitFileType = wrapper.application; includeInIndex = 0; path = MedTracker.app; sourceTree = BUILT_PRODUCTS_DIR; };
		63BF3D73241BB204001D71A5 /* AppDelegate.swift */ = {isa = PBXFileReference; lastKnownFileType = sourcecode.swift; path = AppDelegate.swift; sourceTree = "<group>"; };
		63BF3D75241BB204001D71A5 /* SceneDelegate.swift */ = {isa = PBXFileReference; lastKnownFileType = sourcecode.swift; path = SceneDelegate.swift; sourceTree = "<group>"; };
		63BF3D77241BB204001D71A5 /* ViewController.swift */ = {isa = PBXFileReference; lastKnownFileType = sourcecode.swift; path = ViewController.swift; sourceTree = "<group>"; };
		63BF3D7A241BB204001D71A5 /* Base */ = {isa = PBXFileReference; lastKnownFileType = file.storyboard; name = Base; path = Base.lproj/Main.storyboard; sourceTree = "<group>"; };
		63BF3D7D241BB204001D71A5 /* MedTracker.xcdatamodel */ = {isa = PBXFileReference; lastKnownFileType = wrapper.xcdatamodel; path = MedTracker.xcdatamodel; sourceTree = "<group>"; };
		63BF3D7F241BB206001D71A5 /* Assets.xcassets */ = {isa = PBXFileReference; lastKnownFileType = folder.assetcatalog; path = Assets.xcassets; sourceTree = "<group>"; };
		63BF3D82241BB206001D71A5 /* Base */ = {isa = PBXFileReference; lastKnownFileType = file.storyboard; name = Base; path = Base.lproj/LaunchScreen.storyboard; sourceTree = "<group>"; };
		63BF3D84241BB206001D71A5 /* Info.plist */ = {isa = PBXFileReference; lastKnownFileType = text.plist.xml; path = Info.plist; sourceTree = "<group>"; };
		63BF3D89241BB206001D71A5 /* MedTrackerTests.xctest */ = {isa = PBXFileReference; explicitFileType = wrapper.cfbundle; includeInIndex = 0; path = MedTrackerTests.xctest; sourceTree = BUILT_PRODUCTS_DIR; };
		63BF3D8D241BB206001D71A5 /* MedTrackerTests.swift */ = {isa = PBXFileReference; lastKnownFileType = sourcecode.swift; path = MedTrackerTests.swift; sourceTree = "<group>"; };
		63BF3D8F241BB206001D71A5 /* Info.plist */ = {isa = PBXFileReference; lastKnownFileType = text.plist.xml; path = Info.plist; sourceTree = "<group>"; };
		63BF3D94241BB206001D71A5 /* MedTrackerUITests.xctest */ = {isa = PBXFileReference; explicitFileType = wrapper.cfbundle; includeInIndex = 0; path = MedTrackerUITests.xctest; sourceTree = BUILT_PRODUCTS_DIR; };
		63BF3D98241BB206001D71A5 /* MedTrackerUITests.swift */ = {isa = PBXFileReference; lastKnownFileType = sourcecode.swift; path = MedTrackerUITests.swift; sourceTree = "<group>"; };
		63BF3D9A241BB206001D71A5 /* Info.plist */ = {isa = PBXFileReference; lastKnownFileType = text.plist.xml; path = Info.plist; sourceTree = "<group>"; };
/* End PBXFileReference section */

/* Begin PBXFrameworksBuildPhase section */
		63BF3D6D241BB204001D71A5 /* Frameworks */ = {
			isa = PBXFrameworksBuildPhase;
			buildActionMask = 2147483647;
			files = (
			);
			runOnlyForDeploymentPostprocessing = 0;
		};
		63BF3D86241BB206001D71A5 /* Frameworks */ = {
			isa = PBXFrameworksBuildPhase;
			buildActionMask = 2147483647;
			files = (
			);
			runOnlyForDeploymentPostprocessing = 0;
		};
		63BF3D91241BB206001D71A5 /* Frameworks */ = {
			isa = PBXFrameworksBuildPhase;
			buildActionMask = 2147483647;
			files = (
			);
			runOnlyForDeploymentPostprocessing = 0;
		};
/* End PBXFrameworksBuildPhase section */

/* Begin PBXGroup section */
		63BF3D67241BB204001D71A5 = {
			isa = PBXGroup;
			children = (
				63BF3D72241BB204001D71A5 /* MedTracker */,
				63BF3D8C241BB206001D71A5 /* MedTrackerTests */,
				63BF3D97241BB206001D71A5 /* MedTrackerUITests */,
				63BF3D71241BB204001D71A5 /* Products */,
			);
			sourceTree = "<group>";
		};
		63BF3D71241BB204001D71A5 /* Products */ = {
			isa = PBXGroup;
			children = (
				63BF3D70241BB204001D71A5 /* MedTracker.app */,
				63BF3D89241BB206001D71A5 /* MedTrackerTests.xctest */,
				63BF3D94241BB206001D71A5 /* MedTrackerUITests.xctest */,
			);
			name = Products;
			sourceTree = "<group>";
		};
		63BF3D72241BB204001D71A5 /* MedTracker */ = {
			isa = PBXGroup;
			children = (
				63BF3D73241BB204001D71A5 /* AppDelegate.swift */,
				63BF3D75241BB204001D71A5 /* SceneDelegate.swift */,
				63BF3D77241BB204001D71A5 /* ViewController.swift */,
				63BF3D79241BB204001D71A5 /* Main.storyboard */,
				63BF3D7F241BB206001D71A5 /* Assets.xcassets */,
				63BF3D81241BB206001D71A5 /* LaunchScreen.storyboard */,
				63BF3D84241BB206001D71A5 /* Info.plist */,
				63BF3D7C241BB204001D71A5 /* MedTracker.xcdatamodeld */,
			);
			path = MedTracker;
			sourceTree = "<group>";
		};
		63BF3D8C241BB206001D71A5 /* MedTrackerTests */ = {
			isa = PBXGroup;
			children = (
				63BF3D8D241BB206001D71A5 /* MedTrackerTests.swift */,
				63BF3D8F241BB206001D71A5 /* Info.plist */,
			);
			path = MedTrackerTests;
			sourceTree = "<group>";
		};
		63BF3D97241BB206001D71A5 /* MedTrackerUITests */ = {
			isa = PBXGroup;
			children = (
				63BF3D98241BB206001D71A5 /* MedTrackerUITests.swift */,
				63BF3D9A241BB206001D71A5 /* Info.plist */,
			);
			path = MedTrackerUITests;
			sourceTree = "<group>";
		};
/* End PBXGroup section */

/* Begin PBXNativeTarget section */
		63BF3D6F241BB204001D71A5 /* MedTracker */ = {
			isa = PBXNativeTarget;
			buildConfigurationList = 63BF3D9D241BB206001D71A5 /* Build configuration list for PBXNativeTarget "MedTracker" */;
			buildPhases = (
				63BF3D6C241BB204001D71A5 /* Sources */,
				63BF3D6D241BB204001D71A5 /* Frameworks */,
				63BF3D6E241BB204001D71A5 /* Resources */,
			);
			buildRules = (
			);
			dependencies = (
			);
			name = MedTracker;
			productName = MedTracker;
			productReference = 63BF3D70241BB204001D71A5 /* MedTracker.app */;
			productType = "com.apple.product-type.application";
		};
		63BF3D88241BB206001D71A5 /* MedTrackerTests */ = {
			isa = PBXNativeTarget;
			buildConfigurationList = 63BF3DA0241BB206001D71A5 /* Build configuration list for PBXNativeTarget "MedTrackerTests" */;
			buildPhases = (
				63BF3D85241BB206001D71A5 /* Sources */,
				63BF3D86241BB206001D71A5 /* Frameworks */,
				63BF3D87241BB206001D71A5 /* Resources */,
			);
			buildRules = (
			);
			dependencies = (
				63BF3D8B241BB206001D71A5 /* PBXTargetDependency */,
			);
			name = MedTrackerTests;
			productName = MedTrackerTests;
			productReference = 63BF3D89241BB206001D71A5 /* MedTrackerTests.xctest */;
			productType = "com.apple.product-type.bundle.unit-test";
		};
		63BF3D93241BB206001D71A5 /* MedTrackerUITests */ = {
			isa = PBXNativeTarget;
			buildConfigurationList = 63BF3DA3241BB206001D71A5 /* Build configuration list for PBXNativeTarget "MedTrackerUITests" */;
			buildPhases = (
				63BF3D90241BB206001D71A5 /* Sources */,
				63BF3D91241BB206001D71A5 /* Frameworks */,
				63BF3D92241BB206001D71A5 /* Resources */,
			);
			buildRules = (
			);
			dependencies = (
				63BF3D96241BB206001D71A5 /* PBXTargetDependency */,
			);
			name = MedTrackerUITests;
			productName = MedTrackerUITests;
			productReference = 63BF3D94241BB206001D71A5 /* MedTrackerUITests.xctest */;
			productType = "com.apple.product-type.bundle.ui-testing";
		};
/* End PBXNativeTarget section */

/* Begin PBXProject section */
		63BF3D68241BB204001D71A5 /* Project object */ = {
			isa = PBXProject;
			attributes = {
				LastSwiftUpdateCheck = 1100;
				LastUpgradeCheck = 1100;
				ORGANIZATIONNAME = niks;
				TargetAttributes = {
					63BF3D6F241BB204001D71A5 = {
						CreatedOnToolsVersion = 11.0;
					};
					63BF3D88241BB206001D71A5 = {
						CreatedOnToolsVersion = 11.0;
						TestTargetID = 63BF3D6F241BB204001D71A5;
					};
					63BF3D93241BB206001D71A5 = {
						CreatedOnToolsVersion = 11.0;
						TestTargetID = 63BF3D6F241BB204001D71A5;
					};
				};
			};
			buildConfigurationList = 63BF3D6B241BB204001D71A5 /* Build configuration list for PBXProject "MedTracker" */;
			compatibilityVersion = "Xcode 9.3";
			developmentRegion = en;
			hasScannedForEncodings = 0;
			knownRegions = (
				en,
				Base,
			);
			mainGroup = 63BF3D67241BB204001D71A5;
			productRefGroup = 63BF3D71241BB204001D71A5 /* Products */;
			projectDirPath = "";
			projectRoot = "";
			targets = (
				63BF3D6F241BB204001D71A5 /* MedTracker */,
				63BF3D88241BB206001D71A5 /* MedTrackerTests */,
				63BF3D93241BB206001D71A5 /* MedTrackerUITests */,
			);
		};
/* End PBXProject section */

/* Begin PBXResourcesBuildPhase section */
		63BF3D6E241BB204001D71A5 /* Resources */ = {
			isa = PBXResourcesBuildPhase;
			buildActionMask = 2147483647;
			files = (
				63BF3D83241BB206001D71A5 /* LaunchScreen.storyboard in Resources */,
				63BF3D80241BB206001D71A5 /* Assets.xcassets in Resources */,
				63BF3D7B241BB204001D71A5 /* Main.storyboard in Resources */,
			);
			runOnlyForDeploymentPostprocessing = 0;
		};
		63BF3D87241BB206001D71A5 /* Resources */ = {
			isa = PBXResourcesBuildPhase;
			buildActionMask = 2147483647;
			files = (
			);
			runOnlyForDeploymentPostprocessing = 0;
		};
		63BF3D92241BB206001D71A5 /* Resources */ = {
			isa = PBXResourcesBuildPhase;
			buildActionMask = 2147483647;
			files = (
			);
			runOnlyForDeploymentPostprocessing = 0;
		};
/* End PBXResourcesBuildPhase section */

/* Begin PBXSourcesBuildPhase section */
		63BF3D6C241BB204001D71A5 /* Sources */ = {
			isa = PBXSourcesBuildPhase;
			buildActionMask = 2147483647;
			files = (
				63BF3D78241BB204001D71A5 /* ViewController.swift in Sources */,
				63BF3D7E241BB204001D71A5 /* MedTracker.xcdatamodeld in Sources */,
				63BF3D74241BB204001D71A5 /* AppDelegate.swift in Sources */,
				63BF3D76241BB204001D71A5 /* SceneDelegate.swift in Sources */,
			);
			runOnlyForDeploymentPostprocessing = 0;
		};
		63BF3D85241BB206001D71A5 /* Sources */ = {
			isa = PBXSourcesBuildPhase;
			buildActionMask = 2147483647;
			files = (
				63BF3D8E241BB206001D71A5 /* MedTrackerTests.swift in Sources */,
			);
			runOnlyForDeploymentPostprocessing = 0;
		};
		63BF3D90241BB206001D71A5 /* Sources */ = {
			isa = PBXSourcesBuildPhase;
			buildActionMask = 2147483647;
			files = (
				63BF3D99241BB206001D71A5 /* MedTrackerUITests.swift in Sources */,
			);
			runOnlyForDeploymentPostprocessing = 0;
		};
/* End PBXSourcesBuildPhase section */

/* Begin PBXTargetDependency section */
		63BF3D8B241BB206001D71A5 /* PBXTargetDependency */ = {
			isa = PBXTargetDependency;
			target = 63BF3D6F241BB204001D71A5 /* MedTracker */;
			targetProxy = 63BF3D8A241BB206001D71A5 /* PBXContainerItemProxy */;
		};
		63BF3D96241BB206001D71A5 /* PBXTargetDependency */ = {
			isa = PBXTargetDependency;
			target = 63BF3D6F241BB204001D71A5 /* MedTracker */;
			targetProxy = 63BF3D95241BB206001D71A5 /* PBXContainerItemProxy */;
		};
/* End PBXTargetDependency section */

/* Begin PBXVariantGroup section */
		63BF3D79241BB204001D71A5 /* Main.storyboard */ = {
			isa = PBXVariantGroup;
			children = (
				63BF3D7A241BB204001D71A5 /* Base */,
			);
			name = Main.storyboard;
			sourceTree = "<group>";
		};
		63BF3D81241BB206001D71A5 /* LaunchScreen.storyboard */ = {
			isa = PBXVariantGroup;
			children = (
				63BF3D82241BB206001D71A5 /* Base */,
			);
			name = LaunchScreen.storyboard;
			sourceTree = "<group>";
		};
/* End PBXVariantGroup section */

/* Begin XCBuildConfiguration section */
		63BF3D9B241BB206001D71A5 /* Debug */ = {
			isa = XCBuildConfiguration;
			buildSettings = {
				ALWAYS_SEARCH_USER_PATHS = NO;
				CLANG_ANALYZER_NONNULL = YES;
				CLANG_ANALYZER_NUMBER_OBJECT_CONVERSION = YES_AGGRESSIVE;
				CLANG_CXX_LANGUAGE_STANDARD = "gnu++14";
				CLANG_CXX_LIBRARY = "libc++";
				CLANG_ENABLE_MODULES = YES;
				CLANG_ENABLE_OBJC_ARC = YES;
				CLANG_ENABLE_OBJC_WEAK = YES;
				CLANG_WARN_BLOCK_CAPTURE_AUTORELEASING = YES;
				CLANG_WARN_BOOL_CONVERSION = YES;
				CLANG_WARN_COMMA = YES;
				CLANG_WARN_CONSTANT_CONVERSION = YES;
				CLANG_WARN_DEPRECATED_OBJC_IMPLEMENTATIONS = YES;
				CLANG_WARN_DIRECT_OBJC_ISA_USAGE = YES_ERROR;
				CLANG_WARN_DOCUMENTATION_COMMENTS = YES;
				CLANG_WARN_EMPTY_BODY = YES;
				CLANG_WARN_ENUM_CONVERSION = YES;
				CLANG_WARN_INFINITE_RECURSION = YES;
				CLANG_WARN_INT_CONVERSION = YES;
				CLANG_WARN_NON_LITERAL_NULL_CONVERSION = YES;
				CLANG_WARN_OBJC_IMPLICIT_RETAIN_SELF = YES;
				CLANG_WARN_OBJC_LITERAL_CONVERSION = YES;
				CLANG_WARN_OBJC_ROOT_CLASS = YES_ERROR;
				CLANG_WARN_RANGE_LOOP_ANALYSIS = YES;
				CLANG_WARN_STRICT_PROTOTYPES = YES;
				CLANG_WARN_SUSPICIOUS_MOVE = YES;
				CLANG_WARN_UNGUARDED_AVAILABILITY = YES_AGGRESSIVE;
				CLANG_WARN_UNREACHABLE_CODE = YES;
				CLANG_WARN__DUPLICATE_METHOD_MATCH = YES;
				COPY_PHASE_STRIP = NO;
				DEBUG_INFORMATION_FORMAT = dwarf;
				ENABLE_STRICT_OBJC_MSGSEND = YES;
				ENABLE_TESTABILITY = YES;
				GCC_C_LANGUAGE_STANDARD = gnu11;
				GCC_DYNAMIC_NO_PIC = NO;
				GCC_NO_COMMON_BLOCKS = YES;
				GCC_OPTIMIZATION_LEVEL = 0;
				GCC_PREPROCESSOR_DEFINITIONS = (
					"DEBUG=1",
					"$(inherited)",
				);
				GCC_WARN_64_TO_32_BIT_CONVERSION = YES;
				GCC_WARN_ABOUT_RETURN_TYPE = YES_ERROR;
				GCC_WARN_UNDECLARED_SELECTOR = YES;
				GCC_WARN_UNINITIALIZED_AUTOS = YES_AGGRESSIVE;
				GCC_WARN_UNUSED_FUNCTION = YES;
				GCC_WARN_UNUSED_VARIABLE = YES;
				IPHONEOS_DEPLOYMENT_TARGET = 13.0;
				MTL_ENABLE_DEBUG_INFO = INCLUDE_SOURCE;
				MTL_FAST_MATH = YES;
				ONLY_ACTIVE_ARCH = YES;
				SDKROOT = iphoneos;
				SWIFT_ACTIVE_COMPILATION_CONDITIONS = DEBUG;
				SWIFT_OPTIMIZATION_LEVEL = "-Onone";
			};
			name = Debug;
		};
		63BF3D9C241BB206001D71A5 /* Release */ = {
			isa = XCBuildConfiguration;
			buildSettings = {
				ALWAYS_SEARCH_USER_PATHS = NO;
				CLANG_ANALYZER_NONNULL = YES;
				CLANG_ANALYZER_NUMBER_OBJECT_CONVERSION = YES_AGGRESSIVE;
				CLANG_CXX_LANGUAGE_STANDARD = "gnu++14";
				CLANG_CXX_LIBRARY = "libc++";
				CLANG_ENABLE_MODULES = YES;
				CLANG_ENABLE_OBJC_ARC = YES;
				CLANG_ENABLE_OBJC_WEAK = YES;
				CLANG_WARN_BLOCK_CAPTURE_AUTORELEASING = YES;
				CLANG_WARN_BOOL_CONVERSION = YES;
				CLANG_WARN_COMMA = YES;
				CLANG_WARN_CONSTANT_CONVERSION = YES;
				CLANG_WARN_DEPRECATED_OBJC_IMPLEMENTATIONS = YES;
				CLANG_WARN_DIRECT_OBJC_ISA_USAGE = YES_ERROR;
				CLANG_WARN_DOCUMENTATION_COMMENTS = YES;
				CLANG_WARN_EMPTY_BODY = YES;
				CLANG_WARN_ENUM_CONVERSION = YES;
				CLANG_WARN_INFINITE_RECURSION = YES;
				CLANG_WARN_INT_CONVERSION = YES;
				CLANG_WARN_NON_LITERAL_NULL_CONVERSION = YES;
				CLANG_WARN_OBJC_IMPLICIT_RETAIN_SELF = YES;
				CLANG_WARN_OBJC_LITERAL_CONVERSION = YES;
				CLANG_WARN_OBJC_ROOT_CLASS = YES_ERROR;
				CLANG_WARN_RANGE_LOOP_ANALYSIS = YES;
				CLANG_WARN_STRICT_PROTOTYPES = YES;
				CLANG_WARN_SUSPICIOUS_MOVE = YES;
				CLANG_WARN_UNGUARDED_AVAILABILITY = YES_AGGRESSIVE;
				CLANG_WARN_UNREACHABLE_CODE = YES;
				CLANG_WARN__DUPLICATE_METHOD_MATCH = YES;
				COPY_PHASE_STRIP = NO;
				DEBUG_INFORMATION_FORMAT = "dwarf-with-dsym";
				ENABLE_NS_ASSERTIONS = NO;
				ENABLE_STRICT_OBJC_MSGSEND = YES;
				GCC_C_LANGUAGE_STANDARD = gnu11;
				GCC_NO_COMMON_BLOCKS = YES;
				GCC_WARN_64_TO_32_BIT_CONVERSION = YES;
				GCC_WARN_ABOUT_RETURN_TYPE = YES_ERROR;
				GCC_WARN_UNDECLARED_SELECTOR = YES;
				GCC_WARN_UNINITIALIZED_AUTOS = YES_AGGRESSIVE;
				GCC_WARN_UNUSED_FUNCTION = YES;
				GCC_WARN_UNUSED_VARIABLE = YES;
				IPHONEOS_DEPLOYMENT_TARGET = 13.0;
				MTL_ENABLE_DEBUG_INFO = NO;
				MTL_FAST_MATH = YES;
				SDKROOT = iphoneos;
				SWIFT_COMPILATION_MODE = wholemodule;
				SWIFT_OPTIMIZATION_LEVEL = "-O";
				VALIDATE_PRODUCT = YES;
			};
			name = Release;
		};
		63BF3D9E241BB206001D71A5 /* Debug */ = {
			isa = XCBuildConfiguration;
			buildSettings = {
				ASSETCATALOG_COMPILER_APPICON_NAME = AppIcon;
				CODE_SIGN_STYLE = Automatic;
				DEVELOPMENT_TEAM = 27C4GFY9UN;
				INFOPLIST_FILE = MedTracker/Info.plist;
				LD_RUNPATH_SEARCH_PATHS = (
					"$(inherited)",
					"@executable_path/Frameworks",
				);
				PRODUCT_BUNDLE_IDENTIFIER = com.nik.MedTracker;
				PRODUCT_NAME = "$(TARGET_NAME)";
				SWIFT_VERSION = 5.0;
				TARGETED_DEVICE_FAMILY = "1,2";
			};
			name = Debug;
		};
		63BF3D9F241BB206001D71A5 /* Release */ = {
			isa = XCBuildConfiguration;
			buildSettings = {
				ASSETCATALOG_COMPILER_APPICON_NAME = AppIcon;
				CODE_SIGN_STYLE = Automatic;
				DEVELOPMENT_TEAM = 27C4GFY9UN;
				INFOPLIST_FILE = MedTracker/Info.plist;
				LD_RUNPATH_SEARCH_PATHS = (
					"$(inherited)",
					"@executable_path/Frameworks",
				);
				PRODUCT_BUNDLE_IDENTIFIER = com.nik.MedTracker;
				PRODUCT_NAME = "$(TARGET_NAME)";
				SWIFT_VERSION = 5.0;
				TARGETED_DEVICE_FAMILY = "1,2";
			};
			name = Release;
		};
		63BF3DA1241BB206001D71A5 /* Debug */ = {
			isa = XCBuildConfiguration;
			buildSettings = {
				ALWAYS_EMBED_SWIFT_STANDARD_LIBRARIES = YES;
				BUNDLE_LOADER = "$(TEST_HOST)";
				CODE_SIGN_STYLE = Automatic;
				DEVELOPMENT_TEAM = 27C4GFY9UN;
				INFOPLIST_FILE = MedTrackerTests/Info.plist;
				IPHONEOS_DEPLOYMENT_TARGET = 13.0;
				LD_RUNPATH_SEARCH_PATHS = (
					"$(inherited)",
					"@executable_path/Frameworks",
					"@loader_path/Frameworks",
				);
				PRODUCT_BUNDLE_IDENTIFIER = com.nik.MedTrackerTests;
				PRODUCT_NAME = "$(TARGET_NAME)";
				SWIFT_VERSION = 5.0;
				TARGETED_DEVICE_FAMILY = "1,2";
				TEST_HOST = "$(BUILT_PRODUCTS_DIR)/MedTracker.app/MedTracker";
			};
			name = Debug;
		};
		63BF3DA2241BB206001D71A5 /* Release */ = {
			isa = XCBuildConfiguration;
			buildSettings = {
				ALWAYS_EMBED_SWIFT_STANDARD_LIBRARIES = YES;
				BUNDLE_LOADER = "$(TEST_HOST)";
				CODE_SIGN_STYLE = Automatic;
				DEVELOPMENT_TEAM = 27C4GFY9UN;
				INFOPLIST_FILE = MedTrackerTests/Info.plist;
				IPHONEOS_DEPLOYMENT_TARGET = 13.0;
				LD_RUNPATH_SEARCH_PATHS = (
					"$(inherited)",
					"@executable_path/Frameworks",
					"@loader_path/Frameworks",
				);
				PRODUCT_BUNDLE_IDENTIFIER = com.nik.MedTrackerTests;
				PRODUCT_NAME = "$(TARGET_NAME)";
				SWIFT_VERSION = 5.0;
				TARGETED_DEVICE_FAMILY = "1,2";
				TEST_HOST = "$(BUILT_PRODUCTS_DIR)/MedTracker.app/MedTracker";
			};
			name = Release;
		};
		63BF3DA4241BB206001D71A5 /* Debug */ = {
			isa = XCBuildConfiguration;
			buildSettings = {
				ALWAYS_EMBED_SWIFT_STANDARD_LIBRARIES = YES;
				CODE_SIGN_STYLE = Automatic;
				DEVELOPMENT_TEAM = 27C4GFY9UN;
				INFOPLIST_FILE = MedTrackerUITests/Info.plist;
				LD_RUNPATH_SEARCH_PATHS = (
					"$(inherited)",
					"@executable_path/Frameworks",
					"@loader_path/Frameworks",
				);
				PRODUCT_BUNDLE_IDENTIFIER = com.nik.MedTrackerUITests;
				PRODUCT_NAME = "$(TARGET_NAME)";
				SWIFT_VERSION = 5.0;
				TARGETED_DEVICE_FAMILY = "1,2";
				TEST_TARGET_NAME = MedTracker;
			};
			name = Debug;
		};
		63BF3DA5241BB206001D71A5 /* Release */ = {
			isa = XCBuildConfiguration;
			buildSettings = {
				ALWAYS_EMBED_SWIFT_STANDARD_LIBRARIES = YES;
				CODE_SIGN_STYLE = Automatic;
				DEVELOPMENT_TEAM = 27C4GFY9UN;
				INFOPLIST_FILE = MedTrackerUITests/Info.plist;
				LD_RUNPATH_SEARCH_PATHS = (
					"$(inherited)",
					"@executable_path/Frameworks",
					"@loader_path/Frameworks",
				);
				PRODUCT_BUNDLE_IDENTIFIER = com.nik.MedTrackerUITests;
				PRODUCT_NAME = "$(TARGET_NAME)";
				SWIFT_VERSION = 5.0;
				TARGETED_DEVICE_FAMILY = "1,2";
				TEST_TARGET_NAME = MedTracker;
			};
			name = Release;
		};
/* End XCBuildConfiguration section */

/* Begin XCConfigurationList section */
		63BF3D6B241BB204001D71A5 /* Build configuration list for PBXProject "MedTracker" */ = {
			isa = XCConfigurationList;
			buildConfigurations = (
				63BF3D9B241BB206001D71A5 /* Debug */,
				63BF3D9C241BB206001D71A5 /* Release */,
			);
			defaultConfigurationIsVisible = 0;
			defaultConfigurationName = Release;
		};
		63BF3D9D241BB206001D71A5 /* Build configuration list for PBXNativeTarget "MedTracker" */ = {
			isa = XCConfigurationList;
			buildConfigurations = (
				63BF3D9E241BB206001D71A5 /* Debug */,
				63BF3D9F241BB206001D71A5 /* Release */,
			);
			defaultConfigurationIsVisible = 0;
			defaultConfigurationName = Release;
		};
		63BF3DA0241BB206001D71A5 /* Build configuration list for PBXNativeTarget "MedTrackerTests" */ = {
			isa = XCConfigurationList;
			buildConfigurations = (
				63BF3DA1241BB206001D71A5 /* Debug */,
				63BF3DA2241BB206001D71A5 /* Release */,
			);
			defaultConfigurationIsVisible = 0;
			defaultConfigurationName = Release;
		};
		63BF3DA3241BB206001D71A5 /* Build configuration list for PBXNativeTarget "MedTrackerUITests" */ = {
			isa = XCConfigurationList;
			buildConfigurations = (
				63BF3DA4241BB206001D71A5 /* Debug */,
				63BF3DA5241BB206001D71A5 /* Release */,
			);
			defaultConfigurationIsVisible = 0;
			defaultConfigurationName = Release;
		};
/* End XCConfigurationList section */

/* Begin XCVersionGroup section */
		63BF3D7C241BB204001D71A5 /* MedTracker.xcdatamodeld */ = {
			isa = XCVersionGroup;
			children = (
				63BF3D7D241BB204001D71A5 /* MedTracker.xcdatamodel */,
			);
			currentVersion = 63BF3D7D241BB204001D71A5 /* MedTracker.xcdatamodel */;
			path = MedTracker.xcdatamodeld;
			sourceTree = "<group>";
			versionGroupType = wrapper.xcdatamodel;
		};
/* End XCVersionGroup section */
	};
	rootObject = 63BF3D68241BB204001D71A5 /* Project object */;
}
